
Microsoft Visual Studio Solution File, Format Version 12.00
# Visual Studio Version 17
VisualStudioVersion = 17.8.34525.116
MinimumVisualStudioVersion = 10.0.40219.1
Project("{2150E333-8FDC-42A3-9474-1A3956D46DE8}") = "Services", "Services", "{032756C0-7EF1-4DA9-A652-59285363EEA0}"
EndProject
Project("{2150E333-8FDC-42A3-9474-1A3956D46DE8}") = "Catalog", "Catalog", "{89C6BA35-AD99-4311-BBBB-7552FAA079EE}"
EndProject
Project("{FAE04EC0-301F-11D3-BF4B-00C04F79EFBC}") = "MultiShop.Catalog", "Services\Catalog\MultiShop.Catalog\MultiShop.Catalog.csproj", "{8C8C6B24-6D6A-465C-9061-24B99E201681}"
EndProject
Global
	GlobalSection(SolutionConfigurationPlatforms) = preSolution
		Debug|Any CPU = Debug|Any CPU
		Release|Any CPU = Release|Any CPU
	EndGlobalSection
	GlobalSection(ProjectConfigurationPlatforms) = postSolution
		{8C8C6B24-6D6A-465C-9061-24B99E201681}.Debug|Any CPU.ActiveCfg = Debug|Any CPU
		{8C8C6B24-6D6A-465C-9061-24B99E201681}.Debug|Any CPU.Build.0 = Debug|Any CPU
		{8C8C6B24-6D6A-465C-9061-24B99E201681}.Release|Any CPU.ActiveCfg = Release|Any CPU
		{8C8C6B24-6D6A-465C-9061-24B99E201681}.Release|Any CPU.Build.0 = Release|Any CPU
	EndGlobalSection
	GlobalSection(SolutionProperties) = preSolution
		HideSolutionNode = FALSE
	EndGlobalSection
	GlobalSection(NestedProjects) = preSolution
		{89C6BA35-AD99-4311-BBBB-7552FAA079EE} = {032756C0-7EF1-4DA9-A652-59285363EEA0}
		{8C8C6B24-6D6A-465C-9061-24B99E201681} = {89C6BA35-AD99-4311-BBBB-7552FAA079EE}
	EndGlobalSection
	GlobalSection(ExtensibilityGlobals) = postSolution
		SolutionGuid = {7396CC7E-B1C7-44DA-8B31-7720A28C5CC3}
	EndGlobalSection
EndGlobal
