
Microsoft Visual Studio Solution File, Format Version 12.00
# Visual Studio Version 17
VisualStudioVersion = 17.8.34525.116
MinimumVisualStudioVersion = 10.0.40219.1
Project("{2150E333-8FDC-42A3-9474-1A3956D46DE8}") = "Services", "Services", "{032756C0-7EF1-4DA9-A652-59285363EEA0}"
EndProject
Project("{2150E333-8FDC-42A3-9474-1A3956D46DE8}") = "Catalog", "Catalog", "{89C6BA35-AD99-4311-BBBB-7552FAA079EE}"
EndProject
Project("{FAE04EC0-301F-11D3-BF4B-00C04F79EFBC}") = "MultiShop.Catalog", "Services\Catalog\MultiShop.Catalog\MultiShop.Catalog.csproj", "{8C8C6B24-6D6A-465C-9061-24B99E201681}"
EndProject
Project("{2150E333-8FDC-42A3-9474-1A3956D46DE8}") = "Discount", "Discount", "{ED226074-8DB4-4164-8C77-9BE15678071E}"
EndProject
Project("{FAE04EC0-301F-11D3-BF4B-00C04F79EFBC}") = "MultiShop.Discount", "Services\Discount\MultiShop.Discount\MultiShop.Discount.csproj", "{F428660E-BD4A-4AF8-A3E4-261FB511846C}"
EndProject
Project("{2150E333-8FDC-42A3-9474-1A3956D46DE8}") = "Order", "Order", "{255A012C-BC8D-4A3B-921E-7E78869A71AB}"
EndProject
Project("{2150E333-8FDC-42A3-9474-1A3956D46DE8}") = "Core", "Core", "{F260216E-E839-43A3-9922-9F5DC8522C68}"
EndProject
Project("{2150E333-8FDC-42A3-9474-1A3956D46DE8}") = "Infrastructure", "Infrastructure", "{E048751A-A7B5-45A8-94C5-86AAC686A3A2}"
EndProject
Project("{2150E333-8FDC-42A3-9474-1A3956D46DE8}") = "Presentation", "Presentation", "{52FA9FDF-9042-46B6-9E89-82A9B5EF5E06}"
EndProject
Project("{FAE04EC0-301F-11D3-BF4B-00C04F79EFBC}") = "MultiShop.Order.Domain", "Services\Order\Core\MultiShop.Order.Domain\MultiShop.Order.Domain.csproj", "{12FBC07B-38F0-464E-8338-08B3C0FB132B}"
EndProject
Project("{FAE04EC0-301F-11D3-BF4B-00C04F79EFBC}") = "MultiShop.Order.Application", "Services\Order\Core\MultiShop.Order.Application\MultiShop.Order.Application.csproj", "{CB279909-E26D-47D4-B3A1-39C945153249}"
EndProject
Project("{FAE04EC0-301F-11D3-BF4B-00C04F79EFBC}") = "MultiShop.Order.Persistence", "Services\Order\Infrastructure\MultiShop.Order.Persistence\MultiShop.Order.Persistence.csproj", "{58E0424B-C4D9-43E5-9125-EC45318E288F}"
EndProject
Project("{FAE04EC0-301F-11D3-BF4B-00C04F79EFBC}") = "MultiShop.Order.WebApi", "Services\Order\Presentation\MultiShop.Order.WebApi\MultiShop.Order.WebApi.csproj", "{5B92A742-36F6-4368-BFAC-02FE0DF54B9B}"
EndProject
Global
	GlobalSection(SolutionConfigurationPlatforms) = preSolution
		Debug|Any CPU = Debug|Any CPU
		Release|Any CPU = Release|Any CPU
	EndGlobalSection
	GlobalSection(ProjectConfigurationPlatforms) = postSolution
		{8C8C6B24-6D6A-465C-9061-24B99E201681}.Debug|Any CPU.ActiveCfg = Debug|Any CPU
		{8C8C6B24-6D6A-465C-9061-24B99E201681}.Debug|Any CPU.Build.0 = Debug|Any CPU
		{8C8C6B24-6D6A-465C-9061-24B99E201681}.Release|Any CPU.ActiveCfg = Release|Any CPU
		{8C8C6B24-6D6A-465C-9061-24B99E201681}.Release|Any CPU.Build.0 = Release|Any CPU
		{F428660E-BD4A-4AF8-A3E4-261FB511846C}.Debug|Any CPU.ActiveCfg = Debug|Any CPU
		{F428660E-BD4A-4AF8-A3E4-261FB511846C}.Debug|Any CPU.Build.0 = Debug|Any CPU
		{F428660E-BD4A-4AF8-A3E4-261FB511846C}.Release|Any CPU.ActiveCfg = Release|Any CPU
		{F428660E-BD4A-4AF8-A3E4-261FB511846C}.Release|Any CPU.Build.0 = Release|Any CPU
		{12FBC07B-38F0-464E-8338-08B3C0FB132B}.Debug|Any CPU.ActiveCfg = Debug|Any CPU
		{12FBC07B-38F0-464E-8338-08B3C0FB132B}.Debug|Any CPU.Build.0 = Debug|Any CPU
		{12FBC07B-38F0-464E-8338-08B3C0FB132B}.Release|Any CPU.ActiveCfg = Release|Any CPU
		{12FBC07B-38F0-464E-8338-08B3C0FB132B}.Release|Any CPU.Build.0 = Release|Any CPU
		{CB279909-E26D-47D4-B3A1-39C945153249}.Debug|Any CPU.ActiveCfg = Debug|Any CPU
		{CB279909-E26D-47D4-B3A1-39C945153249}.Debug|Any CPU.Build.0 = Debug|Any CPU
		{CB279909-E26D-47D4-B3A1-39C945153249}.Release|Any CPU.ActiveCfg = Release|Any CPU
		{CB279909-E26D-47D4-B3A1-39C945153249}.Release|Any CPU.Build.0 = Release|Any CPU
		{58E0424B-C4D9-43E5-9125-EC45318E288F}.Debug|Any CPU.ActiveCfg = Debug|Any CPU
		{58E0424B-C4D9-43E5-9125-EC45318E288F}.Debug|Any CPU.Build.0 = Debug|Any CPU
		{58E0424B-C4D9-43E5-9125-EC45318E288F}.Release|Any CPU.ActiveCfg = Release|Any CPU
		{58E0424B-C4D9-43E5-9125-EC45318E288F}.Release|Any CPU.Build.0 = Release|Any CPU
		{5B92A742-36F6-4368-BFAC-02FE0DF54B9B}.Debug|Any CPU.ActiveCfg = Debug|Any CPU
		{5B92A742-36F6-4368-BFAC-02FE0DF54B9B}.Debug|Any CPU.Build.0 = Debug|Any CPU
		{5B92A742-36F6-4368-BFAC-02FE0DF54B9B}.Release|Any CPU.ActiveCfg = Release|Any CPU
		{5B92A742-36F6-4368-BFAC-02FE0DF54B9B}.Release|Any CPU.Build.0 = Release|Any CPU
	EndGlobalSection
	GlobalSection(SolutionProperties) = preSolution
		HideSolutionNode = FALSE
	EndGlobalSection
	GlobalSection(NestedProjects) = preSolution
		{89C6BA35-AD99-4311-BBBB-7552FAA079EE} = {032756C0-7EF1-4DA9-A652-59285363EEA0}
		{8C8C6B24-6D6A-465C-9061-24B99E201681} = {89C6BA35-AD99-4311-BBBB-7552FAA079EE}
		{ED226074-8DB4-4164-8C77-9BE15678071E} = {032756C0-7EF1-4DA9-A652-59285363EEA0}
		{F428660E-BD4A-4AF8-A3E4-261FB511846C} = {ED226074-8DB4-4164-8C77-9BE15678071E}
		{255A012C-BC8D-4A3B-921E-7E78869A71AB} = {032756C0-7EF1-4DA9-A652-59285363EEA0}
		{F260216E-E839-43A3-9922-9F5DC8522C68} = {255A012C-BC8D-4A3B-921E-7E78869A71AB}
		{E048751A-A7B5-45A8-94C5-86AAC686A3A2} = {255A012C-BC8D-4A3B-921E-7E78869A71AB}
		{52FA9FDF-9042-46B6-9E89-82A9B5EF5E06} = {255A012C-BC8D-4A3B-921E-7E78869A71AB}
		{12FBC07B-38F0-464E-8338-08B3C0FB132B} = {F260216E-E839-43A3-9922-9F5DC8522C68}
		{CB279909-E26D-47D4-B3A1-39C945153249} = {F260216E-E839-43A3-9922-9F5DC8522C68}
		{58E0424B-C4D9-43E5-9125-EC45318E288F} = {E048751A-A7B5-45A8-94C5-86AAC686A3A2}
		{5B92A742-36F6-4368-BFAC-02FE0DF54B9B} = {52FA9FDF-9042-46B6-9E89-82A9B5EF5E06}
	EndGlobalSection
	GlobalSection(ExtensibilityGlobals) = postSolution
		SolutionGuid = {7396CC7E-B1C7-44DA-8B31-7720A28C5CC3}
	EndGlobalSection
EndGlobal
